
Microsoft Visual Studio Solution File, Format Version 12.00
# Visual Studio Version 17
VisualStudioVersion = 17.6.33815.320
MinimumVisualStudioVersion = 10.0.40219.1
Project("{FAE04EC0-301F-11D3-BF4B-00C04F79EFBC}") = "SboxCllExtractor", "SboxCllExtractor.csproj", "{353AE112-423C-4E68-B5AF-78F4B9E1F1D4}"
EndProject
Global
	GlobalSection(SolutionConfigurationPlatforms) = preSolution
		Debug|Any CPU = Debug|Any CPU
		Release|Any CPU = Release|Any CPU
	EndGlobalSection
	GlobalSection(ProjectConfigurationPlatforms) = postSolution
		{353AE112-423C-4E68-B5AF-78F4B9E1F1D4}.Debug|Any CPU.ActiveCfg = Debug|Any CPU
		{353AE112-423C-4E68-B5AF-78F4B9E1F1D4}.Debug|Any CPU.Build.0 = Debug|Any CPU
		{353AE112-423C-4E68-B5AF-78F4B9E1F1D4}.Release|Any CPU.ActiveCfg = Release|Any CPU
		{353AE112-423C-4E68-B5AF-78F4B9E1F1D4}.Release|Any CPU.Build.0 = Release|Any CPU
	EndGlobalSection
	GlobalSection(SolutionProperties) = preSolution
		HideSolutionNode = FALSE
	EndGlobalSection
	GlobalSection(ExtensibilityGlobals) = postSolution
		SolutionGuid = {2A5CA13A-B646-4BC4-83B2-1097D5ACD5DA}
	EndGlobalSection
EndGlobal
